# This file is automatically @generated by Cargo.
# It is not intended for manual editing.
version = 4

[[package]]
name = "APG4bRust"
version = "0.1.0"
dependencies = [
 "itertools",
 "proconio",
]

[[package]]
name = "either"
version = "1.18.0"
source = "registry+https://github.com/rust-lang/crates.io-index"
checksum = "252afb9ae5eaa683babdc6a068b3f5726eb19e05070c731f9b2a23a7c3e8ed34"

[[package]]
name = "itertools"
version = "0.12.0"
source = "registry+https://github.com/rust-lang/crates.io-index"
checksum = "25db6b064527c5d482d0423354fcd07a89a2dfe07b67892e62411946db7f07b0"
dependencies = [
 "either",
]

[[package]]
name = "proconio"
version = "0.4.5"
source = "registry+https://github.com/rust-lang/crates.io-index"
checksum = "0eb404616795079e2390e7115acf0ada24e9332e8476de2aada7bacb9992dc9e"
